
Microsoft Visual Studio Solution File, Format Version 11.00
# Visual Studio 2010
Project("{FAE04EC0-301F-11D3-BF4B-00C04F79EFBC}") = "UnityEngine.UI", "UnityEngine.UI.csproj", "{AEB70B66-C925-9773-0DBF-014459980870}"
EndProject
Project("{FAE04EC0-301F-11D3-BF4B-00C04F79EFBC}") = "Assembly-CSharp", "Assembly-CSharp.csproj", "{7B2C5BDD-66FA-05C5-C9E8-6D3D2D464092}"
EndProject
Project("{FAE04EC0-301F-11D3-BF4B-00C04F79EFBC}") = "Unity.2D.Sprite.Editor", "Unity.2D.Sprite.Editor.csproj", "{AACE7B6B-CD8A-F6BC-DA68-67EFE8A0F2B4}"
EndProject
Project("{FAE04EC0-301F-11D3-BF4B-00C04F79EFBC}") = "UnityEditor.UI", "UnityEditor.UI.csproj", "{FA57FA70-0CA6-1956-2467-73C9924949E7}"
EndProject
Project("{FAE04EC0-301F-11D3-BF4B-00C04F79EFBC}") = "Unity.2D.Tilemap.Editor", "Unity.2D.Tilemap.Editor.csproj", "{0FFB487A-87D6-D030-5BD5-14FC003AD90E}"
EndProject
Global
	GlobalSection(SolutionConfigurationPlatforms) = preSolution
		Debug|Any CPU = Debug|Any CPU
		Release|Any CPU = Release|Any CPU
	EndGlobalSection
	GlobalSection(ProjectConfigurationPlatforms) = postSolution
		{AEB70B66-C925-9773-0DBF-014459980870}.Debug|Any CPU.ActiveCfg = Debug|Any CPU
		{AEB70B66-C925-9773-0DBF-014459980870}.Debug|Any CPU.Build.0 = Debug|Any CPU
		{AEB70B66-C925-9773-0DBF-014459980870}.Release|Any CPU.ActiveCfg = Release|Any CPU
		{AEB70B66-C925-9773-0DBF-014459980870}.Release|Any CPU.Build.0 = Release|Any CPU
		{7B2C5BDD-66FA-05C5-C9E8-6D3D2D464092}.Debug|Any CPU.ActiveCfg = Debug|Any CPU
		{7B2C5BDD-66FA-05C5-C9E8-6D3D2D464092}.Debug|Any CPU.Build.0 = Debug|Any CPU
		{7B2C5BDD-66FA-05C5-C9E8-6D3D2D464092}.Release|Any CPU.ActiveCfg = Release|Any CPU
		{7B2C5BDD-66FA-05C5-C9E8-6D3D2D464092}.Release|Any CPU.Build.0 = Release|Any CPU
		{AACE7B6B-CD8A-F6BC-DA68-67EFE8A0F2B4}.Debug|Any CPU.ActiveCfg = Debug|Any CPU
		{AACE7B6B-CD8A-F6BC-DA68-67EFE8A0F2B4}.Debug|Any CPU.Build.0 = Debug|Any CPU
		{AACE7B6B-CD8A-F6BC-DA68-67EFE8A0F2B4}.Release|Any CPU.ActiveCfg = Release|Any CPU
		{AACE7B6B-CD8A-F6BC-DA68-67EFE8A0F2B4}.Release|Any CPU.Build.0 = Release|Any CPU
		{FA57FA70-0CA6-1956-2467-73C9924949E7}.Debug|Any CPU.ActiveCfg = Debug|Any CPU
		{FA57FA70-0CA6-1956-2467-73C9924949E7}.Debug|Any CPU.Build.0 = Debug|Any CPU
		{FA57FA70-0CA6-1956-2467-73C9924949E7}.Release|Any CPU.ActiveCfg = Release|Any CPU
		{FA57FA70-0CA6-1956-2467-73C9924949E7}.Release|Any CPU.Build.0 = Release|Any CPU
		{0FFB487A-87D6-D030-5BD5-14FC003AD90E}.Debug|Any CPU.ActiveCfg = Debug|Any CPU
		{0FFB487A-87D6-D030-5BD5-14FC003AD90E}.Debug|Any CPU.Build.0 = Debug|Any CPU
		{0FFB487A-87D6-D030-5BD5-14FC003AD90E}.Release|Any CPU.ActiveCfg = Release|Any CPU
		{0FFB487A-87D6-D030-5BD5-14FC003AD90E}.Release|Any CPU.Build.0 = Release|Any CPU
	EndGlobalSection
	GlobalSection(SolutionProperties) = preSolution
		HideSolutionNode = FALSE
	EndGlobalSection
EndGlobal
